
Microsoft Visual Studio Solution File, Format Version 11.00
# Visual Studio 2010
Project("{FAE04EC0-301F-11D3-BF4B-00C04F79EFBC}") = "IcsManagerLibrary", "IcsManagerLibrary\IcsManagerLibrary.csproj", "{4C2280ED-D430-4628-961F-821F47DAD8EE}"
EndProject
Project("{FAE04EC0-301F-11D3-BF4B-00C04F79EFBC}") = "IcsManagerConsole", "IcsManagerConsole\IcsManagerConsole.csproj", "{9D05B98A-88C9-4FAC-9FE6-D45CBF87ABC6}"
EndProject
Project("{FAE04EC0-301F-11D3-BF4B-00C04F79EFBC}") = "IcsManagerGUI", "IcsManagerGUI\IcsManagerGUI.csproj", "{7A1F70BF-0B82-4E39-9E4D-3CB6147831F9}"
EndProject
Global
	GlobalSection(SolutionConfigurationPlatforms) = preSolution
		Debug|Any CPU = Debug|Any CPU
		Debug|Mixed Platforms = Debug|Mixed Platforms
		Debug|x86 = Debug|x86
		Release|Any CPU = Release|Any CPU
		Release|Mixed Platforms = Release|Mixed Platforms
		Release|x86 = Release|x86
	EndGlobalSection
	GlobalSection(ProjectConfigurationPlatforms) = postSolution
		{4C2280ED-D430-4628-961F-821F47DAD8EE}.Debug|Any CPU.ActiveCfg = Debug|Any CPU
		{4C2280ED-D430-4628-961F-821F47DAD8EE}.Debug|Any CPU.Build.0 = Debug|Any CPU
		{4C2280ED-D430-4628-961F-821F47DAD8EE}.Debug|Mixed Platforms.ActiveCfg = Debug|Any CPU
		{4C2280ED-D430-4628-961F-821F47DAD8EE}.Debug|Mixed Platforms.Build.0 = Debug|Any CPU
		{4C2280ED-D430-4628-961F-821F47DAD8EE}.Debug|x86.ActiveCfg = Debug|Any CPU
		{4C2280ED-D430-4628-961F-821F47DAD8EE}.Release|Any CPU.ActiveCfg = Release|Any CPU
		{4C2280ED-D430-4628-961F-821F47DAD8EE}.Release|Any CPU.Build.0 = Release|Any CPU
		{4C2280ED-D430-4628-961F-821F47DAD8EE}.Release|Mixed Platforms.ActiveCfg = Release|Any CPU
		{4C2280ED-D430-4628-961F-821F47DAD8EE}.Release|Mixed Platforms.Build.0 = Release|Any CPU
		{4C2280ED-D430-4628-961F-821F47DAD8EE}.Release|x86.ActiveCfg = Release|Any CPU
		{9D05B98A-88C9-4FAC-9FE6-D45CBF87ABC6}.Debug|Any CPU.ActiveCfg = Debug|x86
		{9D05B98A-88C9-4FAC-9FE6-D45CBF87ABC6}.Debug|Mixed Platforms.ActiveCfg = Debug|x86
		{9D05B98A-88C9-4FAC-9FE6-D45CBF87ABC6}.Debug|Mixed Platforms.Build.0 = Debug|x86
		{9D05B98A-88C9-4FAC-9FE6-D45CBF87ABC6}.Debug|x86.ActiveCfg = Debug|x86
		{9D05B98A-88C9-4FAC-9FE6-D45CBF87ABC6}.Debug|x86.Build.0 = Debug|x86
		{9D05B98A-88C9-4FAC-9FE6-D45CBF87ABC6}.Release|Any CPU.ActiveCfg = Release|x86
		{9D05B98A-88C9-4FAC-9FE6-D45CBF87ABC6}.Release|Mixed Platforms.ActiveCfg = Release|x86
		{9D05B98A-88C9-4FAC-9FE6-D45CBF87ABC6}.Release|Mixed Platforms.Build.0 = Release|x86
		{9D05B98A-88C9-4FAC-9FE6-D45CBF87ABC6}.Release|x86.ActiveCfg = Release|x86
		{9D05B98A-88C9-4FAC-9FE6-D45CBF87ABC6}.Release|x86.Build.0 = Release|x86
		{7A1F70BF-0B82-4E39-9E4D-3CB6147831F9}.Debug|Any CPU.ActiveCfg = Debug|x86
		{7A1F70BF-0B82-4E39-9E4D-3CB6147831F9}.Debug|Mixed Platforms.ActiveCfg = Debug|x86
		{7A1F70BF-0B82-4E39-9E4D-3CB6147831F9}.Debug|Mixed Platforms.Build.0 = Debug|x86
		{7A1F70BF-0B82-4E39-9E4D-3CB6147831F9}.Debug|x86.ActiveCfg = Debug|x86
		{7A1F70BF-0B82-4E39-9E4D-3CB6147831F9}.Debug|x86.Build.0 = Debug|x86
		{7A1F70BF-0B82-4E39-9E4D-3CB6147831F9}.Release|Any CPU.ActiveCfg = Release|x86
		{7A1F70BF-0B82-4E39-9E4D-3CB6147831F9}.Release|Mixed Platforms.ActiveCfg = Release|x86
		{7A1F70BF-0B82-4E39-9E4D-3CB6147831F9}.Release|Mixed Platforms.Build.0 = Release|x86
		{7A1F70BF-0B82-4E39-9E4D-3CB6147831F9}.Release|x86.ActiveCfg = Release|x86
		{7A1F70BF-0B82-4E39-9E4D-3CB6147831F9}.Release|x86.Build.0 = Release|x86
	EndGlobalSection
	GlobalSection(SolutionProperties) = preSolution
		HideSolutionNode = FALSE
	EndGlobalSection
EndGlobal
